
Microsoft Visual Studio Solution File, Format Version 12.00
Project("{FAE04EC0-301F-11D3-BF4B-00C04F79EFBC}") = "Bashi.Core", "src\Bashi.Core\Bashi.Core.csproj", "{D4F990A0-8DFF-4EAE-A518-A39EF51F4355}"
EndProject
Project("{FAE04EC0-301F-11D3-BF4B-00C04F79EFBC}") = "Bashi.Core.Tests", "test\Bashi.Core.Tests\Bashi.Core.Tests.csproj", "{C741B03A-43A6-419F-AF9B-38DEDF1726CA}"
EndProject
Global
	GlobalSection(SolutionConfigurationPlatforms) = preSolution
		Debug|Any CPU = Debug|Any CPU
		Release|Any CPU = Release|Any CPU
	EndGlobalSection
	GlobalSection(ProjectConfigurationPlatforms) = postSolution
		{D4F990A0-8DFF-4EAE-A518-A39EF51F4355}.Debug|Any CPU.ActiveCfg = Debug|Any CPU
		{D4F990A0-8DFF-4EAE-A518-A39EF51F4355}.Debug|Any CPU.Build.0 = Debug|Any CPU
		{D4F990A0-8DFF-4EAE-A518-A39EF51F4355}.Release|Any CPU.ActiveCfg = Release|Any CPU
		{D4F990A0-8DFF-4EAE-A518-A39EF51F4355}.Release|Any CPU.Build.0 = Release|Any CPU
		{C741B03A-43A6-419F-AF9B-38DEDF1726CA}.Debug|Any CPU.ActiveCfg = Debug|Any CPU
		{C741B03A-43A6-419F-AF9B-38DEDF1726CA}.Debug|Any CPU.Build.0 = Debug|Any CPU
		{C741B03A-43A6-419F-AF9B-38DEDF1726CA}.Release|Any CPU.ActiveCfg = Release|Any CPU
		{C741B03A-43A6-419F-AF9B-38DEDF1726CA}.Release|Any CPU.Build.0 = Release|Any CPU
	EndGlobalSection
EndGlobal
